
Microsoft Visual Studio Solution File, Format Version 12.00
# Visual Studio 14
VisualStudioVersion = 14.0.25420.1
MinimumVisualStudioVersion = 10.0.40219.1
Project("{FAE04EC0-301F-11D3-BF4B-00C04F79EFBC}") = "AutomataTranslator", "AutomataTranslator\AutomataTranslator.csproj", "{FDD1B6DC-3057-4A94-8EE1-6C6EEDF8B8DA}"
EndProject
Project("{FAE04EC0-301F-11D3-BF4B-00C04F79EFBC}") = "ATGUI", "ATGUI\ATGUI.csproj", "{3E268032-D099-4E7D-A5E3-2F07E2EDDC3A}"
EndProject
Global
	GlobalSection(SolutionConfigurationPlatforms) = preSolution
		Debug|Any CPU = Debug|Any CPU
		Release|Any CPU = Release|Any CPU
	EndGlobalSection
	GlobalSection(ProjectConfigurationPlatforms) = postSolution
		{FDD1B6DC-3057-4A94-8EE1-6C6EEDF8B8DA}.Debug|Any CPU.ActiveCfg = Debug|Any CPU
		{FDD1B6DC-3057-4A94-8EE1-6C6EEDF8B8DA}.Debug|Any CPU.Build.0 = Debug|Any CPU
		{FDD1B6DC-3057-4A94-8EE1-6C6EEDF8B8DA}.Release|Any CPU.ActiveCfg = Release|Any CPU
		{FDD1B6DC-3057-4A94-8EE1-6C6EEDF8B8DA}.Release|Any CPU.Build.0 = Release|Any CPU
		{3E268032-D099-4E7D-A5E3-2F07E2EDDC3A}.Debug|Any CPU.ActiveCfg = Debug|Any CPU
		{3E268032-D099-4E7D-A5E3-2F07E2EDDC3A}.Debug|Any CPU.Build.0 = Debug|Any CPU
		{3E268032-D099-4E7D-A5E3-2F07E2EDDC3A}.Release|Any CPU.ActiveCfg = Release|Any CPU
		{3E268032-D099-4E7D-A5E3-2F07E2EDDC3A}.Release|Any CPU.Build.0 = Release|Any CPU
	EndGlobalSection
	GlobalSection(SolutionProperties) = preSolution
		HideSolutionNode = FALSE
	EndGlobalSection
EndGlobal
